// !$*UTF8*$!
{
	archiveVersion = 1;
	classes = {
	};
	objectVersion = 46;
	objects = {

/* Begin PBXBuildFile section */
		8415B1FE1EC116150006647B /* PopularMentionsTableViewController.swift in Sources */ = {isa = PBXBuildFile; fileRef = 8415B1FD1EC116150006647B /* PopularMentionsTableViewController.swift */; };
		8415B2001EC36DCD0006647B /* SearchWordMention.swift in Sources */ = {isa = PBXBuildFile; fileRef = 8415B1FF1EC36DCD0006647B /* SearchWordMention.swift */; };
		8462F26C1EB3EFE400EB648F /* ImageViewController.swift in Sources */ = {isa = PBXBuildFile; fileRef = 8462F26B1EB3EFE400EB648F /* ImageViewController.swift */; };
		84B2A45B1EB91FC700B6516B /* ImageTableViewCell.swift in Sources */ = {isa = PBXBuildFile; fileRef = 84B2A45A1EB91FC700B6516B /* ImageTableViewCell.swift */; };
		84B2A45F1EB92F5B00B6516B /* SearchHistoryTableViewController.swift in Sources */ = {isa = PBXBuildFile; fileRef = 84B2A45E1EB92F5B00B6516B /* SearchHistoryTableViewController.swift */; };
		84B2A4611EB92FA000B6516B /* SearchHistory.swift in Sources */ = {isa = PBXBuildFile; fileRef = 84B2A4601EB92FA000B6516B /* SearchHistory.swift */; };
		84B2A4671EBCE08500B6516B /* SmashTagModel.xcdatamodeld in Sources */ = {isa = PBXBuildFile; fileRef = 84B2A4651EBCE08500B6516B /* SmashTagModel.xcdatamodeld */; };
		84B2A4841EBCF70400B6516B /* Tweet.swift in Sources */ = {isa = PBXBuildFile; fileRef = 84B2A4831EBCF70400B6516B /* Tweet.swift */; };
		84B2A4DB1EBCFFE300B6516B /* HashtagUserMention.swift in Sources */ = {isa = PBXBuildFile; fileRef = 84B2A4DA1EBCFFE300B6516B /* HashtagUserMention.swift */; };
		84B2A4DD1EBD000600B6516B /* SearchWord.swift in Sources */ = {isa = PBXBuildFile; fileRef = 84B2A4DC1EBD000600B6516B /* SearchWord.swift */; };
		84C63EAF1EAE9509007A344A /* Twitter.framework in Frameworks */ = {isa = PBXBuildFile; fileRef = 84C63EAE1EAE9509007A344A /* Twitter.framework */; };
		84C63EB11EAFA9BA007A344A /* MentionsTableViewController.swift in Sources */ = {isa = PBXBuildFile; fileRef = 84C63EB01EAFA9BA007A344A /* MentionsTableViewController.swift */; };
		84D9BC351EAE521600CCED2D /* AppDelegate.swift in Sources */ = {isa = PBXBuildFile; fileRef = 84D9BC341EAE521600CCED2D /* AppDelegate.swift */; };
		84D9BC3A1EAE521600CCED2D /* Main.storyboard in Resources */ = {isa = PBXBuildFile; fileRef = 84D9BC381EAE521600CCED2D /* Main.storyboard */; };
		84D9BC3C1EAE521600CCED2D /* Assets.xcassets in Resources */ = {isa = PBXBuildFile; fileRef = 84D9BC3B1EAE521600CCED2D /* Assets.xcassets */; };
		84D9BC3F1EAE521600CCED2D /* LaunchScreen.storyboard in Resources */ = {isa = PBXBuildFile; fileRef = 84D9BC3D1EAE521600CCED2D /* LaunchScreen.storyboard */; };
		84D9BC4A1EAE521600CCED2D /* SmashTagTests.swift in Sources */ = {isa = PBXBuildFile; fileRef = 84D9BC491EAE521600CCED2D /* SmashTagTests.swift */; };
		84D9BC551EAE521600CCED2D /* SmashTagUITests.swift in Sources */ = {isa = PBXBuildFile; fileRef = 84D9BC541EAE521600CCED2D /* SmashTagUITests.swift */; };
		84D9BC631EAE526E00CCED2D /* TweetTableViewController.swift in Sources */ = {isa = PBXBuildFile; fileRef = 84D9BC621EAE526E00CCED2D /* TweetTableViewController.swift */; };
		84D9BC701EAE730500CCED2D /* TweetTableViewCell.swift in Sources */ = {isa = PBXBuildFile; fileRef = 84D9BC6F1EAE730500CCED2D /* TweetTableViewCell.swift */; };
/* End PBXBuildFile section */

/* Begin PBXContainerItemProxy section */
		84D9BC461EAE521600CCED2D /* PBXContainerItemProxy */ = {
			isa = PBXContainerItemProxy;
			containerPortal = 84D9BC291EAE521600CCED2D /* Project object */;
			proxyType = 1;
			remoteGlobalIDString = 84D9BC301EAE521600CCED2D;
			remoteInfo = SmashTag;
		};
		84D9BC511EAE521600CCED2D /* PBXContainerItemProxy */ = {
			isa = PBXContainerItemProxy;
			containerPortal = 84D9BC291EAE521600CCED2D /* Project object */;
			proxyType = 1;
			remoteGlobalIDString = 84D9BC301EAE521600CCED2D;
			remoteInfo = SmashTag;
		};
/* End PBXContainerItemProxy section */

/* Begin PBXFileReference section */
		8415B1FD1EC116150006647B /* PopularMentionsTableViewController.swift */ = {isa = PBXFileReference; fileEncoding = 4; lastKnownFileType = sourcecode.swift; path = PopularMentionsTableViewController.swift; sourceTree = "<group>"; };
		8415B1FF1EC36DCD0006647B /* SearchWordMention.swift */ = {isa = PBXFileReference; fileEncoding = 4; lastKnownFileType = sourcecode.swift; path = SearchWordMention.swift; sourceTree = "<group>"; };
		8462F26B1EB3EFE400EB648F /* ImageViewController.swift */ = {isa = PBXFileReference; fileEncoding = 4; lastKnownFileType = sourcecode.swift; path = ImageViewController.swift; sourceTree = "<group>"; };
		84B2A45A1EB91FC700B6516B /* ImageTableViewCell.swift */ = {isa = PBXFileReference; fileEncoding = 4; lastKnownFileType = sourcecode.swift; path = ImageTableViewCell.swift; sourceTree = "<group>"; };
		84B2A45E1EB92F5B00B6516B /* SearchHistoryTableViewController.swift */ = {isa = PBXFileReference; fileEncoding = 4; lastKnownFileType = sourcecode.swift; path = SearchHistoryTableViewController.swift; sourceTree = "<group>"; };
		84B2A4601EB92FA000B6516B /* SearchHistory.swift */ = {isa = PBXFileReference; fileEncoding = 4; lastKnownFileType = sourcecode.swift; path = SearchHistory.swift; sourceTree = "<group>"; };
		84B2A4661EBCE08500B6516B /* SmashTagModel.xcdatamodel */ = {isa = PBXFileReference; lastKnownFileType = wrapper.xcdatamodel; path = SmashTagModel.xcdatamodel; sourceTree = "<group>"; };
		84B2A4831EBCF70400B6516B /* Tweet.swift */ = {isa = PBXFileReference; fileEncoding = 4; lastKnownFileType = sourcecode.swift; path = Tweet.swift; sourceTree = "<group>"; };
		84B2A4DA1EBCFFE300B6516B /* HashtagUserMention.swift */ = {isa = PBXFileReference; fileEncoding = 4; lastKnownFileType = sourcecode.swift; path = HashtagUserMention.swift; sourceTree = "<group>"; };
		84B2A4DC1EBD000600B6516B /* SearchWord.swift */ = {isa = PBXFileReference; fileEncoding = 4; lastKnownFileType = sourcecode.swift; path = SearchWord.swift; sourceTree = "<group>"; };
		84C63EAE1EAE9509007A344A /* Twitter.framework */ = {isa = PBXFileReference; lastKnownFileType = wrapper.framework; name = Twitter.framework; path = "../../../Library/Developer/Xcode/DerivedData/SmashTagWorkspace-akpznugoeckplrdyurkhicwezubd/Build/Products/Debug-iphoneos/Twitter.framework"; sourceTree = "<group>"; };
		84C63EB01EAFA9BA007A344A /* MentionsTableViewController.swift */ = {isa = PBXFileReference; fileEncoding = 4; lastKnownFileType = sourcecode.swift; path = MentionsTableViewController.swift; sourceTree = "<group>"; };
		84D9BC311EAE521600CCED2D /* SmashTag.app */ = {isa = PBXFileReference; explicitFileType = wrapper.application; includeInIndex = 0; path = SmashTag.app; sourceTree = BUILT_PRODUCTS_DIR; };
		84D9BC341EAE521600CCED2D /* AppDelegate.swift */ = {isa = PBXFileReference; lastKnownFileType = sourcecode.swift; path = AppDelegate.swift; sourceTree = "<group>"; };
		84D9BC391EAE521600CCED2D /* Base */ = {isa = PBXFileReference; lastKnownFileType = file.storyboard; name = Base; path = Base.lproj/Main.storyboard; sourceTree = "<group>"; };
		84D9BC3B1EAE521600CCED2D /* Assets.xcassets */ = {isa = PBXFileReference; lastKnownFileType = folder.assetcatalog; path = Assets.xcassets; sourceTree = "<group>"; };
		84D9BC3E1EAE521600CCED2D /* Base */ = {isa = PBXFileReference; lastKnownFileType = file.storyboard; name = Base; path = Base.lproj/LaunchScreen.storyboard; sourceTree = "<group>"; };
		84D9BC401EAE521600CCED2D /* Info.plist */ = {isa = PBXFileReference; lastKnownFileType = text.plist.xml; path = Info.plist; sourceTree = "<group>"; };
		84D9BC451EAE521600CCED2D /* SmashTagTests.xctest */ = {isa = PBXFileReference; explicitFileType = wrapper.cfbundle; includeInIndex = 0; path = SmashTagTests.xctest; sourceTree = BUILT_PRODUCTS_DIR; };
		84D9BC491EAE521600CCED2D /* SmashTagTests.swift */ = {isa = PBXFileReference; lastKnownFileType = sourcecode.swift; path = SmashTagTests.swift; sourceTree = "<group>"; };
		84D9BC4B1EAE521600CCED2D /* Info.plist */ = {isa = PBXFileReference; lastKnownFileType = text.plist.xml; path = Info.plist; sourceTree = "<group>"; };
		84D9BC501EAE521600CCED2D /* SmashTagUITests.xctest */ = {isa = PBXFileReference; explicitFileType = wrapper.cfbundle; includeInIndex = 0; path = SmashTagUITests.xctest; sourceTree = BUILT_PRODUCTS_DIR; };
		84D9BC541EAE521600CCED2D /* SmashTagUITests.swift */ = {isa = PBXFileReference; lastKnownFileType = sourcecode.swift; path = SmashTagUITests.swift; sourceTree = "<group>"; };
		84D9BC561EAE521600CCED2D /* Info.plist */ = {isa = PBXFileReference; lastKnownFileType = text.plist.xml; path = Info.plist; sourceTree = "<group>"; };
		84D9BC621EAE526E00CCED2D /* TweetTableViewController.swift */ = {isa = PBXFileReference; fileEncoding = 4; lastKnownFileType = sourcecode.swift; path = TweetTableViewController.swift; sourceTree = "<group>"; };
		84D9BC6F1EAE730500CCED2D /* TweetTableViewCell.swift */ = {isa = PBXFileReference; fileEncoding = 4; lastKnownFileType = sourcecode.swift; path = TweetTableViewCell.swift; sourceTree = "<group>"; };
/* End PBXFileReference section */

/* Begin PBXFrameworksBuildPhase section */
		84D9BC2E1EAE521600CCED2D /* Frameworks */ = {
			isa = PBXFrameworksBuildPhase;
			buildActionMask = 2147483647;
			files = (
				84C63EAF1EAE9509007A344A /* Twitter.framework in Frameworks */,
			);
			runOnlyForDeploymentPostprocessing = 0;
		};
		84D9BC421EAE521600CCED2D /* Frameworks */ = {
			isa = PBXFrameworksBuildPhase;
			buildActionMask = 2147483647;
			files = (
			);
			runOnlyForDeploymentPostprocessing = 0;
		};
		84D9BC4D1EAE521600CCED2D /* Frameworks */ = {
			isa = PBXFrameworksBuildPhase;
			buildActionMask = 2147483647;
			files = (
			);
			runOnlyForDeploymentPostprocessing = 0;
		};
/* End PBXFrameworksBuildPhase section */

/* Begin PBXGroup section */
		84B2A4621EBCC6F400B6516B /* ViewControllers */ = {
			isa = PBXGroup;
			children = (
				8462F26B1EB3EFE400EB648F /* ImageViewController.swift */,
				84D9BC621EAE526E00CCED2D /* TweetTableViewController.swift */,
				84C63EB01EAFA9BA007A344A /* MentionsTableViewController.swift */,
				84B2A45E1EB92F5B00B6516B /* SearchHistoryTableViewController.swift */,
				8415B1FD1EC116150006647B /* PopularMentionsTableViewController.swift */,
			);
			name = ViewControllers;
			sourceTree = "<group>";
		};
		84B2A4631EBCC7AB00B6516B /* CustomCells */ = {
			isa = PBXGroup;
			children = (
				84D9BC6F1EAE730500CCED2D /* TweetTableViewCell.swift */,
				84B2A45A1EB91FC700B6516B /* ImageTableViewCell.swift */,
			);
			name = CustomCells;
			sourceTree = "<group>";
		};
		84B2A4641EBCC7D200B6516B /* Models */ = {
			isa = PBXGroup;
			children = (
				84B2A4601EB92FA000B6516B /* SearchHistory.swift */,
			);
			name = Models;
			sourceTree = "<group>";
		};
		84B2A4701EBCF30A00B6516B /* CoreData */ = {
			isa = PBXGroup;
			children = (
				84B2A4831EBCF70400B6516B /* Tweet.swift */,
				84B2A4DA1EBCFFE300B6516B /* HashtagUserMention.swift */,
				84B2A4DC1EBD000600B6516B /* SearchWord.swift */,
				8415B1FF1EC36DCD0006647B /* SearchWordMention.swift */,
			);
			name = CoreData;
			sourceTree = "<group>";
		};
		84D9BC281EAE521600CCED2D = {
			isa = PBXGroup;
			children = (
				84D9BC331EAE521600CCED2D /* SmashTag */,
				84D9BC481EAE521600CCED2D /* SmashTagTests */,
				84D9BC531EAE521600CCED2D /* SmashTagUITests */,
				84D9BC321EAE521600CCED2D /* Products */,
				84D9BC661EAE5D3C00CCED2D /* Frameworks */,
			);
			sourceTree = "<group>";
		};
		84D9BC321EAE521600CCED2D /* Products */ = {
			isa = PBXGroup;
			children = (
				84D9BC311EAE521600CCED2D /* SmashTag.app */,
				84D9BC451EAE521600CCED2D /* SmashTagTests.xctest */,
				84D9BC501EAE521600CCED2D /* SmashTagUITests.xctest */,
			);
			name = Products;
			sourceTree = "<group>";
		};
		84D9BC331EAE521600CCED2D /* SmashTag */ = {
			isa = PBXGroup;
			children = (
				84B2A4701EBCF30A00B6516B /* CoreData */,
				84B2A4631EBCC7AB00B6516B /* CustomCells */,
				84B2A4621EBCC6F400B6516B /* ViewControllers */,
				84B2A4641EBCC7D200B6516B /* Models */,
				84D9BC341EAE521600CCED2D /* AppDelegate.swift */,
				84D9BC381EAE521600CCED2D /* Main.storyboard */,
				84B2A4651EBCE08500B6516B /* SmashTagModel.xcdatamodeld */,
				84D9BC3B1EAE521600CCED2D /* Assets.xcassets */,
				84D9BC3D1EAE521600CCED2D /* LaunchScreen.storyboard */,
				84D9BC401EAE521600CCED2D /* Info.plist */,
			);
			path = SmashTag;
			sourceTree = "<group>";
		};
		84D9BC481EAE521600CCED2D /* SmashTagTests */ = {
			isa = PBXGroup;
			children = (
				84D9BC491EAE521600CCED2D /* SmashTagTests.swift */,
				84D9BC4B1EAE521600CCED2D /* Info.plist */,
			);
			path = SmashTagTests;
			sourceTree = "<group>";
		};
		84D9BC531EAE521600CCED2D /* SmashTagUITests */ = {
			isa = PBXGroup;
			children = (
				84D9BC541EAE521600CCED2D /* SmashTagUITests.swift */,
				84D9BC561EAE521600CCED2D /* Info.plist */,
			);
			path = SmashTagUITests;
			sourceTree = "<group>";
		};
		84D9BC661EAE5D3C00CCED2D /* Frameworks */ = {
			isa = PBXGroup;
			children = (
				84C63EAE1EAE9509007A344A /* Twitter.framework */,
			);
			name = Frameworks;
			sourceTree = "<group>";
		};
/* End PBXGroup section */

/* Begin PBXNativeTarget section */
		84D9BC301EAE521600CCED2D /* SmashTag */ = {
			isa = PBXNativeTarget;
			buildConfigurationList = 84D9BC591EAE521600CCED2D /* Build configuration list for PBXNativeTarget "SmashTag" */;
			buildPhases = (
				84D9BC2D1EAE521600CCED2D /* Sources */,
				84D9BC2E1EAE521600CCED2D /* Frameworks */,
				84D9BC2F1EAE521600CCED2D /* Resources */,
			);
			buildRules = (
			);
			dependencies = (
			);
			name = SmashTag;
			productName = SmashTag;
			productReference = 84D9BC311EAE521600CCED2D /* SmashTag.app */;
			productType = "com.apple.product-type.application";
		};
		84D9BC441EAE521600CCED2D /* SmashTagTests */ = {
			isa = PBXNativeTarget;
			buildConfigurationList = 84D9BC5C1EAE521600CCED2D /* Build configuration list for PBXNativeTarget "SmashTagTests" */;
			buildPhases = (
				84D9BC411EAE521600CCED2D /* Sources */,
				84D9BC421EAE521600CCED2D /* Frameworks */,
				84D9BC431EAE521600CCED2D /* Resources */,
			);
			buildRules = (
			);
			dependencies = (
				84D9BC471EAE521600CCED2D /* PBXTargetDependency */,
			);
			name = SmashTagTests;
			productName = SmashTagTests;
			productReference = 84D9BC451EAE521600CCED2D /* SmashTagTests.xctest */;
			productType = "com.apple.product-type.bundle.unit-test";
		};
		84D9BC4F1EAE521600CCED2D /* SmashTagUITests */ = {
			isa = PBXNativeTarget;
			buildConfigurationList = 84D9BC5F1EAE521600CCED2D /* Build configuration list for PBXNativeTarget "SmashTagUITests" */;
			buildPhases = (
				84D9BC4C1EAE521600CCED2D /* Sources */,
				84D9BC4D1EAE521600CCED2D /* Frameworks */,
				84D9BC4E1EAE521600CCED2D /* Resources */,
			);
			buildRules = (
			);
			dependencies = (
				84D9BC521EAE521600CCED2D /* PBXTargetDependency */,
			);
			name = SmashTagUITests;
			productName = SmashTagUITests;
			productReference = 84D9BC501EAE521600CCED2D /* SmashTagUITests.xctest */;
			productType = "com.apple.product-type.bundle.ui-testing";
		};
/* End PBXNativeTarget section */

/* Begin PBXProject section */
		84D9BC291EAE521600CCED2D /* Project object */ = {
			isa = PBXProject;
			attributes = {
				LastSwiftUpdateCheck = 0830;
				LastUpgradeCheck = 0830;
				ORGANIZATIONNAME = "SangMee Specht";
				TargetAttributes = {
					84D9BC301EAE521600CCED2D = {
						CreatedOnToolsVersion = 8.3;
						ProvisioningStyle = Automatic;
					};
					84D9BC441EAE521600CCED2D = {
						CreatedOnToolsVersion = 8.3;
						ProvisioningStyle = Automatic;
						TestTargetID = 84D9BC301EAE521600CCED2D;
					};
					84D9BC4F1EAE521600CCED2D = {
						CreatedOnToolsVersion = 8.3;
						ProvisioningStyle = Automatic;
						TestTargetID = 84D9BC301EAE521600CCED2D;
					};
				};
			};
			buildConfigurationList = 84D9BC2C1EAE521600CCED2D /* Build configuration list for PBXProject "SmashTag" */;
			compatibilityVersion = "Xcode 3.2";
			developmentRegion = English;
			hasScannedForEncodings = 0;
			knownRegions = (
				en,
				Base,
			);
			mainGroup = 84D9BC281EAE521600CCED2D;
			productRefGroup = 84D9BC321EAE521600CCED2D /* Products */;
			projectDirPath = "";
			projectRoot = "";
			targets = (
				84D9BC301EAE521600CCED2D /* SmashTag */,
				84D9BC441EAE521600CCED2D /* SmashTagTests */,
				84D9BC4F1EAE521600CCED2D /* SmashTagUITests */,
			);
		};
/* End PBXProject section */

/* Begin PBXResourcesBuildPhase section */
		84D9BC2F1EAE521600CCED2D /* Resources */ = {
			isa = PBXResourcesBuildPhase;
			buildActionMask = 2147483647;
			files = (
				84D9BC3F1EAE521600CCED2D /* LaunchScreen.storyboard in Resources */,
				84D9BC3C1EAE521600CCED2D /* Assets.xcassets in Resources */,
				84D9BC3A1EAE521600CCED2D /* Main.storyboard in Resources */,
			);
			runOnlyForDeploymentPostprocessing = 0;
		};
		84D9BC431EAE521600CCED2D /* Resources */ = {
			isa = PBXResourcesBuildPhase;
			buildActionMask = 2147483647;
			files = (
			);
			runOnlyForDeploymentPostprocessing = 0;
		};
		84D9BC4E1EAE521600CCED2D /* Resources */ = {
			isa = PBXResourcesBuildPhase;
			buildActionMask = 2147483647;
			files = (
			);
			runOnlyForDeploymentPostprocessing = 0;
		};
/* End PBXResourcesBuildPhase section */

/* Begin PBXSourcesBuildPhase section */
		84D9BC2D1EAE521600CCED2D /* Sources */ = {
			isa = PBXSourcesBuildPhase;
			buildActionMask = 2147483647;
			files = (
				84B2A4DB1EBCFFE300B6516B /* HashtagUserMention.swift in Sources */,
				84B2A4DD1EBD000600B6516B /* SearchWord.swift in Sources */,
				8415B1FE1EC116150006647B /* PopularMentionsTableViewController.swift in Sources */,
				84D9BC631EAE526E00CCED2D /* TweetTableViewController.swift in Sources */,
				84B2A45F1EB92F5B00B6516B /* SearchHistoryTableViewController.swift in Sources */,
				84B2A4671EBCE08500B6516B /* SmashTagModel.xcdatamodeld in Sources */,
				84B2A4841EBCF70400B6516B /* Tweet.swift in Sources */,
				84D9BC351EAE521600CCED2D /* AppDelegate.swift in Sources */,
				8462F26C1EB3EFE400EB648F /* ImageViewController.swift in Sources */,
				84B2A45B1EB91FC700B6516B /* ImageTableViewCell.swift in Sources */,
				84D9BC701EAE730500CCED2D /* TweetTableViewCell.swift in Sources */,
				84B2A4611EB92FA000B6516B /* SearchHistory.swift in Sources */,
				8415B2001EC36DCD0006647B /* SearchWordMention.swift in Sources */,
				84C63EB11EAFA9BA007A344A /* MentionsTableViewController.swift in Sources */,
			);
			runOnlyForDeploymentPostprocessing = 0;
		};
		84D9BC411EAE521600CCED2D /* Sources */ = {
			isa = PBXSourcesBuildPhase;
			buildActionMask = 2147483647;
			files = (
				84D9BC4A1EAE521600CCED2D /* SmashTagTests.swift in Sources */,
			);
			runOnlyForDeploymentPostprocessing = 0;
		};
		84D9BC4C1EAE521600CCED2D /* Sources */ = {
			isa = PBXSourcesBuildPhase;
			buildActionMask = 2147483647;
			files = (
				84D9BC551EAE521600CCED2D /* SmashTagUITests.swift in Sources */,
			);
			runOnlyForDeploymentPostprocessing = 0;
		};
/* End PBXSourcesBuildPhase section */

/* Begin PBXTargetDependency section */
		84D9BC471EAE521600CCED2D /* PBXTargetDependency */ = {
			isa = PBXTargetDependency;
			target = 84D9BC301EAE521600CCED2D /* SmashTag */;
			targetProxy = 84D9BC461EAE521600CCED2D /* PBXContainerItemProxy */;
		};
		84D9BC521EAE521600CCED2D /* PBXTargetDependency */ = {
			isa = PBXTargetDependency;
			target = 84D9BC301EAE521600CCED2D /* SmashTag */;
			targetProxy = 84D9BC511EAE521600CCED2D /* PBXContainerItemProxy */;
		};
/* End PBXTargetDependency section */

/* Begin PBXVariantGroup section */
		84D9BC381EAE521600CCED2D /* Main.storyboard */ = {
			isa = PBXVariantGroup;
			children = (
				84D9BC391EAE521600CCED2D /* Base */,
			);
			name = Main.storyboard;
			sourceTree = "<group>";
		};
		84D9BC3D1EAE521600CCED2D /* LaunchScreen.storyboard */ = {
			isa = PBXVariantGroup;
			children = (
				84D9BC3E1EAE521600CCED2D /* Base */,
			);
			name = LaunchScreen.storyboard;
			sourceTree = "<group>";
		};
/* End PBXVariantGroup section */

/* Begin XCBuildConfiguration section */
		84D9BC571EAE521600CCED2D /* Debug */ = {
			isa = XCBuildConfiguration;
			buildSettings = {
				ALWAYS_SEARCH_USER_PATHS = NO;
				CLANG_ANALYZER_NONNULL = YES;
				CLANG_ANALYZER_NUMBER_OBJECT_CONVERSION = YES_AGGRESSIVE;
				CLANG_CXX_LANGUAGE_STANDARD = "gnu++0x";
				CLANG_CXX_LIBRARY = "libc++";
				CLANG_ENABLE_MODULES = YES;
				CLANG_ENABLE_OBJC_ARC = YES;
				CLANG_WARN_BOOL_CONVERSION = YES;
				CLANG_WARN_CONSTANT_CONVERSION = YES;
				CLANG_WARN_DIRECT_OBJC_ISA_USAGE = YES_ERROR;
				CLANG_WARN_DOCUMENTATION_COMMENTS = YES;
				CLANG_WARN_EMPTY_BODY = YES;
				CLANG_WARN_ENUM_CONVERSION = YES;
				CLANG_WARN_INFINITE_RECURSION = YES;
				CLANG_WARN_INT_CONVERSION = YES;
				CLANG_WARN_OBJC_ROOT_CLASS = YES_ERROR;
				CLANG_WARN_SUSPICIOUS_MOVE = YES;
				CLANG_WARN_UNREACHABLE_CODE = YES;
				CLANG_WARN__DUPLICATE_METHOD_MATCH = YES;
				"CODE_SIGN_IDENTITY[sdk=iphoneos*]" = "iPhone Developer";
				COPY_PHASE_STRIP = NO;
				DEBUG_INFORMATION_FORMAT = dwarf;
				ENABLE_STRICT_OBJC_MSGSEND = YES;
				ENABLE_TESTABILITY = YES;
				GCC_C_LANGUAGE_STANDARD = gnu99;
				GCC_DYNAMIC_NO_PIC = NO;
				GCC_NO_COMMON_BLOCKS = YES;
				GCC_OPTIMIZATION_LEVEL = 0;
				GCC_PREPROCESSOR_DEFINITIONS = (
					"DEBUG=1",
					"$(inherited)",
				);
				GCC_WARN_64_TO_32_BIT_CONVERSION = YES;
				GCC_WARN_ABOUT_RETURN_TYPE = YES_ERROR;
				GCC_WARN_UNDECLARED_SELECTOR = YES;
				GCC_WARN_UNINITIALIZED_AUTOS = YES_AGGRESSIVE;
				GCC_WARN_UNUSED_FUNCTION = YES;
				GCC_WARN_UNUSED_VARIABLE = YES;
				IPHONEOS_DEPLOYMENT_TARGET = 10.3;
				MTL_ENABLE_DEBUG_INFO = YES;
				ONLY_ACTIVE_ARCH = YES;
				SDKROOT = iphoneos;
				SWIFT_ACTIVE_COMPILATION_CONDITIONS = DEBUG;
				SWIFT_OPTIMIZATION_LEVEL = "-Onone";
			};
			name = Debug;
		};
		84D9BC581EAE521600CCED2D /* Release */ = {
			isa = XCBuildConfiguration;
			buildSettings = {
				ALWAYS_SEARCH_USER_PATHS = NO;
				CLANG_ANALYZER_NONNULL = YES;
				CLANG_ANALYZER_NUMBER_OBJECT_CONVERSION = YES_AGGRESSIVE;
				CLANG_CXX_LANGUAGE_STANDARD = "gnu++0x";
				CLANG_CXX_LIBRARY = "libc++";
				CLANG_ENABLE_MODULES = YES;
				CLANG_ENABLE_OBJC_ARC = YES;
				CLANG_WARN_BOOL_CONVERSION = YES;
				CLANG_WARN_CONSTANT_CONVERSION = YES;
				CLANG_WARN_DIRECT_OBJC_ISA_USAGE = YES_ERROR;
				CLANG_WARN_DOCUMENTATION_COMMENTS = YES;
				CLANG_WARN_EMPTY_BODY = YES;
				CLANG_WARN_ENUM_CONVERSION = YES;
				CLANG_WARN_INFINITE_RECURSION = YES;
				CLANG_WARN_INT_CONVERSION = YES;
				CLANG_WARN_OBJC_ROOT_CLASS = YES_ERROR;
				CLANG_WARN_SUSPICIOUS_MOVE = YES;
				CLANG_WARN_UNREACHABLE_CODE = YES;
				CLANG_WARN__DUPLICATE_METHOD_MATCH = YES;
				"CODE_SIGN_IDENTITY[sdk=iphoneos*]" = "iPhone Developer";
				COPY_PHASE_STRIP = NO;
				DEBUG_INFORMATION_FORMAT = "dwarf-with-dsym";
				ENABLE_NS_ASSERTIONS = NO;
				ENABLE_STRICT_OBJC_MSGSEND = YES;
				GCC_C_LANGUAGE_STANDARD = gnu99;
				GCC_NO_COMMON_BLOCKS = YES;
				GCC_WARN_64_TO_32_BIT_CONVERSION = YES;
				GCC_WARN_ABOUT_RETURN_TYPE = YES_ERROR;
				GCC_WARN_UNDECLARED_SELECTOR = YES;
				GCC_WARN_UNINITIALIZED_AUTOS = YES_AGGRESSIVE;
				GCC_WARN_UNUSED_FUNCTION = YES;
				GCC_WARN_UNUSED_VARIABLE = YES;
				IPHONEOS_DEPLOYMENT_TARGET = 10.3;
				MTL_ENABLE_DEBUG_INFO = NO;
				SDKROOT = iphoneos;
				SWIFT_OPTIMIZATION_LEVEL = "-Owholemodule";
				VALIDATE_PRODUCT = YES;
			};
			name = Release;
		};
		84D9BC5A1EAE521600CCED2D /* Debug */ = {
			isa = XCBuildConfiguration;
			buildSettings = {
				ASSETCATALOG_COMPILER_APPICON_NAME = AppIcon;
				INFOPLIST_FILE = SmashTag/Info.plist;
				LD_RUNPATH_SEARCH_PATHS = "$(inherited) @executable_path/Frameworks";
				PRODUCT_BUNDLE_IDENTIFIER = com.thoughtworks.acprogram.SmashTag;
				PRODUCT_NAME = "$(TARGET_NAME)";
				SWIFT_VERSION = 3.0;
			};
			name = Debug;
		};
		84D9BC5B1EAE521600CCED2D /* Release */ = {
			isa = XCBuildConfiguration;
			buildSettings = {
				ASSETCATALOG_COMPILER_APPICON_NAME = AppIcon;
				INFOPLIST_FILE = SmashTag/Info.plist;
				LD_RUNPATH_SEARCH_PATHS = "$(inherited) @executable_path/Frameworks";
				PRODUCT_BUNDLE_IDENTIFIER = com.thoughtworks.acprogram.SmashTag;
				PRODUCT_NAME = "$(TARGET_NAME)";
				SWIFT_VERSION = 3.0;
			};
			name = Release;
		};
		84D9BC5D1EAE521600CCED2D /* Debug */ = {
			isa = XCBuildConfiguration;
			buildSettings = {
				ALWAYS_EMBED_SWIFT_STANDARD_LIBRARIES = YES;
				BUNDLE_LOADER = "$(TEST_HOST)";
				INFOPLIST_FILE = SmashTagTests/Info.plist;
				LD_RUNPATH_SEARCH_PATHS = "$(inherited) @executable_path/Frameworks @loader_path/Frameworks";
				PRODUCT_BUNDLE_IDENTIFIER = com.thoughtworks.acprogram.SmashTagTests;
				PRODUCT_NAME = "$(TARGET_NAME)";
				SWIFT_VERSION = 3.0;
				TEST_HOST = "$(BUILT_PRODUCTS_DIR)/SmashTag.app/SmashTag";
			};
			name = Debug;
		};
		84D9BC5E1EAE521600CCED2D /* Release */ = {
			isa = XCBuildConfiguration;
			buildSettings = {
				ALWAYS_EMBED_SWIFT_STANDARD_LIBRARIES = YES;
				BUNDLE_LOADER = "$(TEST_HOST)";
				INFOPLIST_FILE = SmashTagTests/Info.plist;
				LD_RUNPATH_SEARCH_PATHS = "$(inherited) @executable_path/Frameworks @loader_path/Frameworks";
				PRODUCT_BUNDLE_IDENTIFIER = com.thoughtworks.acprogram.SmashTagTests;
				PRODUCT_NAME = "$(TARGET_NAME)";
				SWIFT_VERSION = 3.0;
				TEST_HOST = "$(BUILT_PRODUCTS_DIR)/SmashTag.app/SmashTag";
			};
			name = Release;
		};
		84D9BC601EAE521600CCED2D /* Debug */ = {
			isa = XCBuildConfiguration;
			buildSettings = {
				ALWAYS_EMBED_SWIFT_STANDARD_LIBRARIES = YES;
				INFOPLIST_FILE = SmashTagUITests/Info.plist;
				LD_RUNPATH_SEARCH_PATHS = "$(inherited) @executable_path/Frameworks @loader_path/Frameworks";
				PRODUCT_BUNDLE_IDENTIFIER = com.thoughtworks.acprogram.SmashTagUITests;
				PRODUCT_NAME = "$(TARGET_NAME)";
				SWIFT_VERSION = 3.0;
				TEST_TARGET_NAME = SmashTag;
			};
			name = Debug;
		};
		84D9BC611EAE521600CCED2D /* Release */ = {
			isa = XCBuildConfiguration;
			buildSettings = {
				ALWAYS_EMBED_SWIFT_STANDARD_LIBRARIES = YES;
				INFOPLIST_FILE = SmashTagUITests/Info.plist;
				LD_RUNPATH_SEARCH_PATHS = "$(inherited) @executable_path/Frameworks @loader_path/Frameworks";
				PRODUCT_BUNDLE_IDENTIFIER = com.thoughtworks.acprogram.SmashTagUITests;
				PRODUCT_NAME = "$(TARGET_NAME)";
				SWIFT_VERSION = 3.0;
				TEST_TARGET_NAME = SmashTag;
			};
			name = Release;
		};
/* End XCBuildConfiguration section */

/* Begin XCConfigurationList section */
		84D9BC2C1EAE521600CCED2D /* Build configuration list for PBXProject "SmashTag" */ = {
			isa = XCConfigurationList;
			buildConfigurations = (
				84D9BC571EAE521600CCED2D /* Debug */,
				84D9BC581EAE521600CCED2D /* Release */,
			);
			defaultConfigurationIsVisible = 0;
			defaultConfigurationName = Release;
		};
		84D9BC591EAE521600CCED2D /* Build configuration list for PBXNativeTarget "SmashTag" */ = {
			isa = XCConfigurationList;
			buildConfigurations = (
				84D9BC5A1EAE521600CCED2D /* Debug */,
				84D9BC5B1EAE521600CCED2D /* Release */,
			);
			defaultConfigurationIsVisible = 0;
			defaultConfigurationName = Release;
		};
		84D9BC5C1EAE521600CCED2D /* Build configuration list for PBXNativeTarget "SmashTagTests" */ = {
			isa = XCConfigurationList;
			buildConfigurations = (
				84D9BC5D1EAE521600CCED2D /* Debug */,
				84D9BC5E1EAE521600CCED2D /* Release */,
			);
			defaultConfigurationIsVisible = 0;
			defaultConfigurationName = Release;
		};
		84D9BC5F1EAE521600CCED2D /* Build configuration list for PBXNativeTarget "SmashTagUITests" */ = {
			isa = XCConfigurationList;
			buildConfigurations = (
				84D9BC601EAE521600CCED2D /* Debug */,
				84D9BC611EAE521600CCED2D /* Release */,
			);
			defaultConfigurationIsVisible = 0;
			defaultConfigurationName = Release;
		};
/* End XCConfigurationList section */

/* Begin XCVersionGroup section */
		84B2A4651EBCE08500B6516B /* SmashTagModel.xcdatamodeld */ = {
			isa = XCVersionGroup;
			children = (
				84B2A4661EBCE08500B6516B /* SmashTagModel.xcdatamodel */,
			);
			currentVersion = 84B2A4661EBCE08500B6516B /* SmashTagModel.xcdatamodel */;
			path = SmashTagModel.xcdatamodeld;
			sourceTree = "<group>";
			versionGroupType = wrapper.xcdatamodel;
		};
/* End XCVersionGroup section */
	};
	rootObject = 84D9BC291EAE521600CCED2D /* Project object */;
}
